
Microsoft Visual Studio Solution File, Format Version 12.00
# Visual Studio Version 16
VisualStudioVersion = 25.0.1700.5
MinimumVisualStudioVersion = 10.0.40219.1
Project("{FAE04EC0-301F-11D3-BF4B-00C04F79EFBC}") = "ToyTetragraphHash", "Project1CS480\ToyTetragraphHash.csproj", "{F4AED3AD-EA54-4BFF-832B-29642B0BCEC9}"
EndProject
Project("{FAE04EC0-301F-11D3-BF4B-00C04F79EFBC}") = "ToyTetragraphHash.Tests", "ToyTetragraphHash.Tests\ToyTetragraphHash.Tests.csproj", "{A49DC2FE-A593-4DDE-944D-B7A65D28721B}"
EndProject
Global
	GlobalSection(SolutionConfigurationPlatforms) = preSolution
		Debug|Any CPU = Debug|Any CPU
		Release|Any CPU = Release|Any CPU
	EndGlobalSection
	GlobalSection(ProjectConfigurationPlatforms) = postSolution
		{F4AED3AD-EA54-4BFF-832B-29642B0BCEC9}.Debug|Any CPU.ActiveCfg = Debug|Any CPU
		{F4AED3AD-EA54-4BFF-832B-29642B0BCEC9}.Debug|Any CPU.Build.0 = Debug|Any CPU
		{F4AED3AD-EA54-4BFF-832B-29642B0BCEC9}.Release|Any CPU.ActiveCfg = Release|Any CPU
		{F4AED3AD-EA54-4BFF-832B-29642B0BCEC9}.Release|Any CPU.Build.0 = Release|Any CPU
		{A49DC2FE-A593-4DDE-944D-B7A65D28721B}.Debug|Any CPU.ActiveCfg = Debug|Any CPU
		{A49DC2FE-A593-4DDE-944D-B7A65D28721B}.Debug|Any CPU.Build.0 = Debug|Any CPU
		{A49DC2FE-A593-4DDE-944D-B7A65D28721B}.Release|Any CPU.ActiveCfg = Release|Any CPU
		{A49DC2FE-A593-4DDE-944D-B7A65D28721B}.Release|Any CPU.Build.0 = Release|Any CPU
	EndGlobalSection
	GlobalSection(SolutionProperties) = preSolution
		HideSolutionNode = FALSE
	EndGlobalSection
	GlobalSection(ExtensibilityGlobals) = postSolution
		SolutionGuid = {BE7E5AAD-10F2-4754-9AC2-E0682F4698A7}
	EndGlobalSection
EndGlobal
